{
  "files": {
    "__init__.py": "e3b0c44298fc1c149afbf4c8996fb92427ae41e4649b934ca495991b7852b855",
    "bcf_export.py": "1a70d8b8bb8f8c770c8897a3f4348c036e539b5617a75767d449d890d90f382c",
    "clash_resolver.py": "24b0bbbb39babb18793219de37be9af297261a929da546a27c61f0aaa6081c9c",
    "clash_triage.py": "ab485c97f86b8657b53bb3191e6ee8338b48f4a51c1d5d30615147a3998a5b64",
    "clearance_rule.schema.json": "a56de379a949cfe23172588e98f904373b055cad022ccc387215afb07887f4b8",
    "clearance_rules.py": "8e9193cfd6782ff70a1038259a223c7d6092b830341b1d17fdb4d31c6a2dded5",
    "connectivity.py": "bdc8e0b4513196a700f1dfcec0f260d9b35b74e9bad2ad6ae6d74a1e53907e55",
    "geometry_engine.py": "98114b85da078f6880912de45d76781b8b207856d8744d81dccb5c5eb8d3c51a",
    "identity.py": "94ada2d825f21b6072c5c9e0dac455f8aa63b6b3ddf3d75f6fb5649705e1276a",
    "ifc_loader.py": "cb4b9a10330be2979941d47b5c4cc07aaaf3297eb70dc7b0b94209c4807754df",
    "model_clone.py": "f129b729f07b45404e8fa30e7d03910847a9eecb593cb6b009485bc955bc5429",
    "order.yaml": "770ea8d615289e80da1f663384287506ff1d4f5457c38c87bf78f0e814b72c85",
    "seed_rules.README.md": "547bbdace9868ab9c97ef219125de8fcd260ab3a341b669c952eb9c9697422fb",
    "seed_rules.json": "32b483d7d76360ed9ed55a6d409cf4bca458674ae32f8ddc32b5334ead2b4e8c",
    "version_diff.py": "2afe9116366e7a095338dadf2ddd4c9ecb2f1ea061b9ad9c191c2709ff79fb58"
  },
  "path": "block_store/kits/mep_coordination/bundle/app/blocks",
  "ref": "main",
  "repo": "https://github.com/bopoadz-del/Cerebrum-Blocks",
  "sha": "d7cff230453efd273388491e1cbf1d18f3ebefd5"
}
